
Microsoft Visual Studio Solution File, Format Version 12.00
# Visual Studio Version 17
VisualStudioVersion = 17.9.34902.65
MinimumVisualStudioVersion = 10.0.40219.1
Project("{FAE04EC0-301F-11D3-BF4B-00C04F79EFBC}") = "TaxCalculator", "TaxCalculator.csproj", "{DC30F4CB-E776-40C1-A82B-67BB88A507D7}"
EndProject
Global
	GlobalSection(SolutionConfigurationPlatforms) = preSolution
		Debug|Any CPU = Debug|Any CPU
		Release|Any CPU = Release|Any CPU
	EndGlobalSection
	GlobalSection(ProjectConfigurationPlatforms) = postSolution
		{DC30F4CB-E776-40C1-A82B-67BB88A507D7}.Debug|Any CPU.ActiveCfg = Debug|Any CPU
		{DC30F4CB-E776-40C1-A82B-67BB88A507D7}.Debug|Any CPU.Build.0 = Debug|Any CPU
		{DC30F4CB-E776-40C1-A82B-67BB88A507D7}.Release|Any CPU.ActiveCfg = Release|Any CPU
		{DC30F4CB-E776-40C1-A82B-67BB88A507D7}.Release|Any CPU.Build.0 = Release|Any CPU
	EndGlobalSection
	GlobalSection(SolutionProperties) = preSolution
		HideSolutionNode = FALSE
	EndGlobalSection
	GlobalSection(ExtensibilityGlobals) = postSolution
		SolutionGuid = {1FEBCDD8-A9C0-428F-87D2-3303833A87E6}
	EndGlobalSection
EndGlobal
